
Microsoft Visual Studio Solution File, Format Version 12.00
# Visual Studio 15
VisualStudioVersion = 15.0.28307.271
MinimumVisualStudioVersion = 10.0.40219.1
Project("{9A19103F-16F7-4668-BE54-9A1E7A4F7556}") = "RecentLib", "RecentLib\RecentLib.csproj", "{8E4C914F-D2D3-445E-973C-686C1E87C45B}"
EndProject
Project("{FAE04EC0-301F-11D3-BF4B-00C04F79EFBC}") = "UnitTest", "UnitTest\UnitTest.csproj", "{0F0E4979-C312-47BC-A664-EF5C26F3E1EF}"
EndProject
Global
	GlobalSection(SolutionConfigurationPlatforms) = preSolution
		Ad-Hoc|Any CPU = Ad-Hoc|Any CPU
		Ad-Hoc|iPhone = Ad-Hoc|iPhone
		Ad-Hoc|iPhoneSimulator = Ad-Hoc|iPhoneSimulator
		AppStore|Any CPU = AppStore|Any CPU
		AppStore|iPhone = AppStore|iPhone
		AppStore|iPhoneSimulator = AppStore|iPhoneSimulator
		Debug|Any CPU = Debug|Any CPU
		Debug|iPhone = Debug|iPhone
		Debug|iPhoneSimulator = Debug|iPhoneSimulator
		Release|Any CPU = Release|Any CPU
		Release|iPhone = Release|iPhone
		Release|iPhoneSimulator = Release|iPhoneSimulator
	EndGlobalSection
	GlobalSection(ProjectConfigurationPlatforms) = postSolution
		{8E4C914F-D2D3-445E-973C-686C1E87C45B}.Ad-Hoc|Any CPU.ActiveCfg = Release|Any CPU
		{8E4C914F-D2D3-445E-973C-686C1E87C45B}.Ad-Hoc|Any CPU.Build.0 = Release|Any CPU
		{8E4C914F-D2D3-445E-973C-686C1E87C45B}.Ad-Hoc|iPhone.ActiveCfg = Release|Any CPU
		{8E4C914F-D2D3-445E-973C-686C1E87C45B}.Ad-Hoc|iPhone.Build.0 = Release|Any CPU
		{8E4C914F-D2D3-445E-973C-686C1E87C45B}.Ad-Hoc|iPhoneSimulator.ActiveCfg = Release|Any CPU
		{8E4C914F-D2D3-445E-973C-686C1E87C45B}.Ad-Hoc|iPhoneSimulator.Build.0 = Release|Any CPU
		{8E4C914F-D2D3-445E-973C-686C1E87C45B}.AppStore|Any CPU.ActiveCfg = Release|Any CPU
		{8E4C914F-D2D3-445E-973C-686C1E87C45B}.AppStore|Any CPU.Build.0 = Release|Any CPU
		{8E4C914F-D2D3-445E-973C-686C1E87C45B}.AppStore|iPhone.ActiveCfg = Release|Any CPU
		{8E4C914F-D2D3-445E-973C-686C1E87C45B}.AppStore|iPhone.Build.0 = Release|Any CPU
		{8E4C914F-D2D3-445E-973C-686C1E87C45B}.AppStore|iPhoneSimulator.ActiveCfg = Release|Any CPU
		{8E4C914F-D2D3-445E-973C-686C1E87C45B}.AppStore|iPhoneSimulator.Build.0 = Release|Any CPU
		{8E4C914F-D2D3-445E-973C-686C1E87C45B}.Debug|Any CPU.ActiveCfg = Debug|Any CPU
		{8E4C914F-D2D3-445E-973C-686C1E87C45B}.Debug|Any CPU.Build.0 = Debug|Any CPU
		{8E4C914F-D2D3-445E-973C-686C1E87C45B}.Debug|iPhone.ActiveCfg = Debug|Any CPU
		{8E4C914F-D2D3-445E-973C-686C1E87C45B}.Debug|iPhone.Build.0 = Debug|Any CPU
		{8E4C914F-D2D3-445E-973C-686C1E87C45B}.Debug|iPhoneSimulator.ActiveCfg = Debug|Any CPU
		{8E4C914F-D2D3-445E-973C-686C1E87C45B}.Debug|iPhoneSimulator.Build.0 = Debug|Any CPU
		{8E4C914F-D2D3-445E-973C-686C1E87C45B}.Release|Any CPU.ActiveCfg = Release|Any CPU
		{8E4C914F-D2D3-445E-973C-686C1E87C45B}.Release|Any CPU.Build.0 = Release|Any CPU
		{8E4C914F-D2D3-445E-973C-686C1E87C45B}.Release|iPhone.ActiveCfg = Release|Any CPU
		{8E4C914F-D2D3-445E-973C-686C1E87C45B}.Release|iPhone.Build.0 = Release|Any CPU
		{8E4C914F-D2D3-445E-973C-686C1E87C45B}.Release|iPhoneSimulator.ActiveCfg = Release|Any CPU
		{8E4C914F-D2D3-445E-973C-686C1E87C45B}.Release|iPhoneSimulator.Build.0 = Release|Any CPU
		{0F0E4979-C312-47BC-A664-EF5C26F3E1EF}.Ad-Hoc|Any CPU.ActiveCfg = Debug|Any CPU
		{0F0E4979-C312-47BC-A664-EF5C26F3E1EF}.Ad-Hoc|Any CPU.Build.0 = Debug|Any CPU
		{0F0E4979-C312-47BC-A664-EF5C26F3E1EF}.Ad-Hoc|iPhone.ActiveCfg = Debug|Any CPU
		{0F0E4979-C312-47BC-A664-EF5C26F3E1EF}.Ad-Hoc|iPhone.Build.0 = Debug|Any CPU
		{0F0E4979-C312-47BC-A664-EF5C26F3E1EF}.Ad-Hoc|iPhoneSimulator.ActiveCfg = Debug|Any CPU
		{0F0E4979-C312-47BC-A664-EF5C26F3E1EF}.Ad-Hoc|iPhoneSimulator.Build.0 = Debug|Any CPU
		{0F0E4979-C312-47BC-A664-EF5C26F3E1EF}.AppStore|Any CPU.ActiveCfg = Debug|Any CPU
		{0F0E4979-C312-47BC-A664-EF5C26F3E1EF}.AppStore|Any CPU.Build.0 = Debug|Any CPU
		{0F0E4979-C312-47BC-A664-EF5C26F3E1EF}.AppStore|iPhone.ActiveCfg = Debug|Any CPU
		{0F0E4979-C312-47BC-A664-EF5C26F3E1EF}.AppStore|iPhone.Build.0 = Debug|Any CPU
		{0F0E4979-C312-47BC-A664-EF5C26F3E1EF}.AppStore|iPhoneSimulator.ActiveCfg = Debug|Any CPU
		{0F0E4979-C312-47BC-A664-EF5C26F3E1EF}.AppStore|iPhoneSimulator.Build.0 = Debug|Any CPU
		{0F0E4979-C312-47BC-A664-EF5C26F3E1EF}.Debug|Any CPU.ActiveCfg = Debug|Any CPU
		{0F0E4979-C312-47BC-A664-EF5C26F3E1EF}.Debug|Any CPU.Build.0 = Debug|Any CPU
		{0F0E4979-C312-47BC-A664-EF5C26F3E1EF}.Debug|iPhone.ActiveCfg = Debug|Any CPU
		{0F0E4979-C312-47BC-A664-EF5C26F3E1EF}.Debug|iPhone.Build.0 = Debug|Any CPU
		{0F0E4979-C312-47BC-A664-EF5C26F3E1EF}.Debug|iPhoneSimulator.ActiveCfg = Debug|Any CPU
		{0F0E4979-C312-47BC-A664-EF5C26F3E1EF}.Debug|iPhoneSimulator.Build.0 = Debug|Any CPU
		{0F0E4979-C312-47BC-A664-EF5C26F3E1EF}.Release|Any CPU.ActiveCfg = Release|Any CPU
		{0F0E4979-C312-47BC-A664-EF5C26F3E1EF}.Release|Any CPU.Build.0 = Release|Any CPU
		{0F0E4979-C312-47BC-A664-EF5C26F3E1EF}.Release|iPhone.ActiveCfg = Release|Any CPU
		{0F0E4979-C312-47BC-A664-EF5C26F3E1EF}.Release|iPhone.Build.0 = Release|Any CPU
		{0F0E4979-C312-47BC-A664-EF5C26F3E1EF}.Release|iPhoneSimulator.ActiveCfg = Release|Any CPU
		{0F0E4979-C312-47BC-A664-EF5C26F3E1EF}.Release|iPhoneSimulator.Build.0 = Release|Any CPU
	EndGlobalSection
	GlobalSection(SolutionProperties) = preSolution
		HideSolutionNode = FALSE
	EndGlobalSection
	GlobalSection(ExtensibilityGlobals) = postSolution
		SolutionGuid = {A9A596C8-7B35-49FC-B6F2-BA2BD0C4E76B}
	EndGlobalSection
EndGlobal
