
Microsoft Visual Studio Solution File, Format Version 12.00
# Visual Studio Version 16
VisualStudioVersion = 16.0.28922.388
MinimumVisualStudioVersion = 10.0.40219.1
Project("{9A19103F-16F7-4668-BE54-9A1E7A4F7556}") = "RecentLib", "RecentLib\RecentLib.csproj", "{8E4C914F-D2D3-445E-973C-686C1E87C45B}"
EndProject
Project("{9A19103F-16F7-4668-BE54-9A1E7A4F7556}") = "UnitTest", "..\UnitTest\UnitTest.csproj", "{FBA3E23D-DD04-4AC6-A35A-5946C88ED681}"
EndProject
Project("{2150E333-8FDC-42A3-9474-1A3956D46DE8}") = "MobileApp", "MobileApp", "{800D6963-43BD-4FCB-85EA-55ED0556BC8F}"
EndProject
Project("{FAE04EC0-301F-11D3-BF4B-00C04F79EFBC}") = "RecentApp", "RecentApp\RecentApp\RecentApp.csproj", "{B502DF4E-E922-4707-8F0A-FE318A99BA57}"
EndProject
Project("{FAE04EC0-301F-11D3-BF4B-00C04F79EFBC}") = "RecentApp.Android", "RecentApp\RecentApp.Android\RecentApp.Android.csproj", "{3F0B459C-E1A5-4BE6-9DFD-C70781F4E4C1}"
EndProject
Project("{FAE04EC0-301F-11D3-BF4B-00C04F79EFBC}") = "RecentApp.iOS", "RecentApp\RecentApp.iOS\RecentApp.iOS.csproj", "{8C81E282-742A-4242-B3A8-9686E99D3D9C}"
EndProject
Global
	GlobalSection(SolutionConfigurationPlatforms) = preSolution
		Ad-Hoc|Any CPU = Ad-Hoc|Any CPU
		Ad-Hoc|iPhone = Ad-Hoc|iPhone
		Ad-Hoc|iPhoneSimulator = Ad-Hoc|iPhoneSimulator
		AppStore|Any CPU = AppStore|Any CPU
		AppStore|iPhone = AppStore|iPhone
		AppStore|iPhoneSimulator = AppStore|iPhoneSimulator
		Debug|Any CPU = Debug|Any CPU
		Debug|iPhone = Debug|iPhone
		Debug|iPhoneSimulator = Debug|iPhoneSimulator
		Release|Any CPU = Release|Any CPU
		Release|iPhone = Release|iPhone
		Release|iPhoneSimulator = Release|iPhoneSimulator
	EndGlobalSection
	GlobalSection(ProjectConfigurationPlatforms) = postSolution
		{8E4C914F-D2D3-445E-973C-686C1E87C45B}.Ad-Hoc|Any CPU.ActiveCfg = Release|Any CPU
		{8E4C914F-D2D3-445E-973C-686C1E87C45B}.Ad-Hoc|Any CPU.Build.0 = Release|Any CPU
		{8E4C914F-D2D3-445E-973C-686C1E87C45B}.Ad-Hoc|iPhone.ActiveCfg = Release|Any CPU
		{8E4C914F-D2D3-445E-973C-686C1E87C45B}.Ad-Hoc|iPhone.Build.0 = Release|Any CPU
		{8E4C914F-D2D3-445E-973C-686C1E87C45B}.Ad-Hoc|iPhoneSimulator.ActiveCfg = Release|Any CPU
		{8E4C914F-D2D3-445E-973C-686C1E87C45B}.Ad-Hoc|iPhoneSimulator.Build.0 = Release|Any CPU
		{8E4C914F-D2D3-445E-973C-686C1E87C45B}.AppStore|Any CPU.ActiveCfg = Release|Any CPU
		{8E4C914F-D2D3-445E-973C-686C1E87C45B}.AppStore|Any CPU.Build.0 = Release|Any CPU
		{8E4C914F-D2D3-445E-973C-686C1E87C45B}.AppStore|iPhone.ActiveCfg = Release|Any CPU
		{8E4C914F-D2D3-445E-973C-686C1E87C45B}.AppStore|iPhone.Build.0 = Release|Any CPU
		{8E4C914F-D2D3-445E-973C-686C1E87C45B}.AppStore|iPhoneSimulator.ActiveCfg = Release|Any CPU
		{8E4C914F-D2D3-445E-973C-686C1E87C45B}.AppStore|iPhoneSimulator.Build.0 = Release|Any CPU
		{8E4C914F-D2D3-445E-973C-686C1E87C45B}.Debug|Any CPU.ActiveCfg = Debug|Any CPU
		{8E4C914F-D2D3-445E-973C-686C1E87C45B}.Debug|Any CPU.Build.0 = Debug|Any CPU
		{8E4C914F-D2D3-445E-973C-686C1E87C45B}.Debug|iPhone.ActiveCfg = Debug|Any CPU
		{8E4C914F-D2D3-445E-973C-686C1E87C45B}.Debug|iPhone.Build.0 = Debug|Any CPU
		{8E4C914F-D2D3-445E-973C-686C1E87C45B}.Debug|iPhoneSimulator.ActiveCfg = Debug|Any CPU
		{8E4C914F-D2D3-445E-973C-686C1E87C45B}.Debug|iPhoneSimulator.Build.0 = Debug|Any CPU
		{8E4C914F-D2D3-445E-973C-686C1E87C45B}.Release|Any CPU.ActiveCfg = Release|Any CPU
		{8E4C914F-D2D3-445E-973C-686C1E87C45B}.Release|Any CPU.Build.0 = Release|Any CPU
		{8E4C914F-D2D3-445E-973C-686C1E87C45B}.Release|iPhone.ActiveCfg = Release|Any CPU
		{8E4C914F-D2D3-445E-973C-686C1E87C45B}.Release|iPhone.Build.0 = Release|Any CPU
		{8E4C914F-D2D3-445E-973C-686C1E87C45B}.Release|iPhoneSimulator.ActiveCfg = Release|Any CPU
		{8E4C914F-D2D3-445E-973C-686C1E87C45B}.Release|iPhoneSimulator.Build.0 = Release|Any CPU
		{FBA3E23D-DD04-4AC6-A35A-5946C88ED681}.Ad-Hoc|Any CPU.ActiveCfg = Release|Any CPU
		{FBA3E23D-DD04-4AC6-A35A-5946C88ED681}.Ad-Hoc|iPhone.ActiveCfg = Release|Any CPU
		{FBA3E23D-DD04-4AC6-A35A-5946C88ED681}.Ad-Hoc|iPhoneSimulator.ActiveCfg = Release|Any CPU
		{FBA3E23D-DD04-4AC6-A35A-5946C88ED681}.AppStore|Any CPU.ActiveCfg = Release|Any CPU
		{FBA3E23D-DD04-4AC6-A35A-5946C88ED681}.AppStore|iPhone.ActiveCfg = Release|Any CPU
		{FBA3E23D-DD04-4AC6-A35A-5946C88ED681}.AppStore|iPhoneSimulator.ActiveCfg = Release|Any CPU
		{FBA3E23D-DD04-4AC6-A35A-5946C88ED681}.Debug|Any CPU.ActiveCfg = Debug|Any CPU
		{FBA3E23D-DD04-4AC6-A35A-5946C88ED681}.Debug|Any CPU.Build.0 = Debug|Any CPU
		{FBA3E23D-DD04-4AC6-A35A-5946C88ED681}.Debug|iPhone.ActiveCfg = Debug|Any CPU
		{FBA3E23D-DD04-4AC6-A35A-5946C88ED681}.Debug|iPhoneSimulator.ActiveCfg = Debug|Any CPU
		{FBA3E23D-DD04-4AC6-A35A-5946C88ED681}.Release|Any CPU.ActiveCfg = Release|Any CPU
		{FBA3E23D-DD04-4AC6-A35A-5946C88ED681}.Release|Any CPU.Build.0 = Release|Any CPU
		{FBA3E23D-DD04-4AC6-A35A-5946C88ED681}.Release|iPhone.ActiveCfg = Release|Any CPU
		{FBA3E23D-DD04-4AC6-A35A-5946C88ED681}.Release|iPhoneSimulator.ActiveCfg = Release|Any CPU
		{B502DF4E-E922-4707-8F0A-FE318A99BA57}.Ad-Hoc|Any CPU.ActiveCfg = Debug|Any CPU
		{B502DF4E-E922-4707-8F0A-FE318A99BA57}.Ad-Hoc|Any CPU.Build.0 = Debug|Any CPU
		{B502DF4E-E922-4707-8F0A-FE318A99BA57}.Ad-Hoc|iPhone.ActiveCfg = Debug|Any CPU
		{B502DF4E-E922-4707-8F0A-FE318A99BA57}.Ad-Hoc|iPhone.Build.0 = Debug|Any CPU
		{B502DF4E-E922-4707-8F0A-FE318A99BA57}.Ad-Hoc|iPhoneSimulator.ActiveCfg = Debug|Any CPU
		{B502DF4E-E922-4707-8F0A-FE318A99BA57}.Ad-Hoc|iPhoneSimulator.Build.0 = Debug|Any CPU
		{B502DF4E-E922-4707-8F0A-FE318A99BA57}.AppStore|Any CPU.ActiveCfg = Debug|Any CPU
		{B502DF4E-E922-4707-8F0A-FE318A99BA57}.AppStore|Any CPU.Build.0 = Debug|Any CPU
		{B502DF4E-E922-4707-8F0A-FE318A99BA57}.AppStore|iPhone.ActiveCfg = Debug|Any CPU
		{B502DF4E-E922-4707-8F0A-FE318A99BA57}.AppStore|iPhone.Build.0 = Debug|Any CPU
		{B502DF4E-E922-4707-8F0A-FE318A99BA57}.AppStore|iPhoneSimulator.ActiveCfg = Debug|Any CPU
		{B502DF4E-E922-4707-8F0A-FE318A99BA57}.AppStore|iPhoneSimulator.Build.0 = Debug|Any CPU
		{B502DF4E-E922-4707-8F0A-FE318A99BA57}.Debug|Any CPU.ActiveCfg = Debug|Any CPU
		{B502DF4E-E922-4707-8F0A-FE318A99BA57}.Debug|Any CPU.Build.0 = Debug|Any CPU
		{B502DF4E-E922-4707-8F0A-FE318A99BA57}.Debug|iPhone.ActiveCfg = Debug|Any CPU
		{B502DF4E-E922-4707-8F0A-FE318A99BA57}.Debug|iPhone.Build.0 = Debug|Any CPU
		{B502DF4E-E922-4707-8F0A-FE318A99BA57}.Debug|iPhoneSimulator.ActiveCfg = Debug|Any CPU
		{B502DF4E-E922-4707-8F0A-FE318A99BA57}.Debug|iPhoneSimulator.Build.0 = Debug|Any CPU
		{B502DF4E-E922-4707-8F0A-FE318A99BA57}.Release|Any CPU.ActiveCfg = Release|Any CPU
		{B502DF4E-E922-4707-8F0A-FE318A99BA57}.Release|Any CPU.Build.0 = Release|Any CPU
		{B502DF4E-E922-4707-8F0A-FE318A99BA57}.Release|iPhone.ActiveCfg = Release|Any CPU
		{B502DF4E-E922-4707-8F0A-FE318A99BA57}.Release|iPhone.Build.0 = Release|Any CPU
		{B502DF4E-E922-4707-8F0A-FE318A99BA57}.Release|iPhoneSimulator.ActiveCfg = Release|Any CPU
		{B502DF4E-E922-4707-8F0A-FE318A99BA57}.Release|iPhoneSimulator.Build.0 = Release|Any CPU
		{3F0B459C-E1A5-4BE6-9DFD-C70781F4E4C1}.Ad-Hoc|Any CPU.ActiveCfg = Release|Any CPU
		{3F0B459C-E1A5-4BE6-9DFD-C70781F4E4C1}.Ad-Hoc|Any CPU.Build.0 = Release|Any CPU
		{3F0B459C-E1A5-4BE6-9DFD-C70781F4E4C1}.Ad-Hoc|Any CPU.Deploy.0 = Release|Any CPU
		{3F0B459C-E1A5-4BE6-9DFD-C70781F4E4C1}.Ad-Hoc|iPhone.ActiveCfg = Release|Any CPU
		{3F0B459C-E1A5-4BE6-9DFD-C70781F4E4C1}.Ad-Hoc|iPhone.Build.0 = Release|Any CPU
		{3F0B459C-E1A5-4BE6-9DFD-C70781F4E4C1}.Ad-Hoc|iPhone.Deploy.0 = Release|Any CPU
		{3F0B459C-E1A5-4BE6-9DFD-C70781F4E4C1}.Ad-Hoc|iPhoneSimulator.ActiveCfg = Release|Any CPU
		{3F0B459C-E1A5-4BE6-9DFD-C70781F4E4C1}.Ad-Hoc|iPhoneSimulator.Build.0 = Release|Any CPU
		{3F0B459C-E1A5-4BE6-9DFD-C70781F4E4C1}.Ad-Hoc|iPhoneSimulator.Deploy.0 = Release|Any CPU
		{3F0B459C-E1A5-4BE6-9DFD-C70781F4E4C1}.AppStore|Any CPU.ActiveCfg = Release|Any CPU
		{3F0B459C-E1A5-4BE6-9DFD-C70781F4E4C1}.AppStore|Any CPU.Build.0 = Release|Any CPU
		{3F0B459C-E1A5-4BE6-9DFD-C70781F4E4C1}.AppStore|Any CPU.Deploy.0 = Release|Any CPU
		{3F0B459C-E1A5-4BE6-9DFD-C70781F4E4C1}.AppStore|iPhone.ActiveCfg = Release|Any CPU
		{3F0B459C-E1A5-4BE6-9DFD-C70781F4E4C1}.AppStore|iPhone.Build.0 = Release|Any CPU
		{3F0B459C-E1A5-4BE6-9DFD-C70781F4E4C1}.AppStore|iPhone.Deploy.0 = Release|Any CPU
		{3F0B459C-E1A5-4BE6-9DFD-C70781F4E4C1}.AppStore|iPhoneSimulator.ActiveCfg = Release|Any CPU
		{3F0B459C-E1A5-4BE6-9DFD-C70781F4E4C1}.AppStore|iPhoneSimulator.Build.0 = Release|Any CPU
		{3F0B459C-E1A5-4BE6-9DFD-C70781F4E4C1}.AppStore|iPhoneSimulator.Deploy.0 = Release|Any CPU
		{3F0B459C-E1A5-4BE6-9DFD-C70781F4E4C1}.Debug|Any CPU.ActiveCfg = Debug|Any CPU
		{3F0B459C-E1A5-4BE6-9DFD-C70781F4E4C1}.Debug|Any CPU.Build.0 = Debug|Any CPU
		{3F0B459C-E1A5-4BE6-9DFD-C70781F4E4C1}.Debug|Any CPU.Deploy.0 = Debug|Any CPU
		{3F0B459C-E1A5-4BE6-9DFD-C70781F4E4C1}.Debug|iPhone.ActiveCfg = Debug|Any CPU
		{3F0B459C-E1A5-4BE6-9DFD-C70781F4E4C1}.Debug|iPhone.Build.0 = Debug|Any CPU
		{3F0B459C-E1A5-4BE6-9DFD-C70781F4E4C1}.Debug|iPhone.Deploy.0 = Debug|Any CPU
		{3F0B459C-E1A5-4BE6-9DFD-C70781F4E4C1}.Debug|iPhoneSimulator.ActiveCfg = Debug|Any CPU
		{3F0B459C-E1A5-4BE6-9DFD-C70781F4E4C1}.Debug|iPhoneSimulator.Build.0 = Debug|Any CPU
		{3F0B459C-E1A5-4BE6-9DFD-C70781F4E4C1}.Debug|iPhoneSimulator.Deploy.0 = Debug|Any CPU
		{3F0B459C-E1A5-4BE6-9DFD-C70781F4E4C1}.Release|Any CPU.ActiveCfg = Release|Any CPU
		{3F0B459C-E1A5-4BE6-9DFD-C70781F4E4C1}.Release|Any CPU.Build.0 = Release|Any CPU
		{3F0B459C-E1A5-4BE6-9DFD-C70781F4E4C1}.Release|Any CPU.Deploy.0 = Release|Any CPU
		{3F0B459C-E1A5-4BE6-9DFD-C70781F4E4C1}.Release|iPhone.ActiveCfg = Release|Any CPU
		{3F0B459C-E1A5-4BE6-9DFD-C70781F4E4C1}.Release|iPhone.Build.0 = Release|Any CPU
		{3F0B459C-E1A5-4BE6-9DFD-C70781F4E4C1}.Release|iPhone.Deploy.0 = Release|Any CPU
		{3F0B459C-E1A5-4BE6-9DFD-C70781F4E4C1}.Release|iPhoneSimulator.ActiveCfg = Release|Any CPU
		{3F0B459C-E1A5-4BE6-9DFD-C70781F4E4C1}.Release|iPhoneSimulator.Build.0 = Release|Any CPU
		{3F0B459C-E1A5-4BE6-9DFD-C70781F4E4C1}.Release|iPhoneSimulator.Deploy.0 = Release|Any CPU
		{8C81E282-742A-4242-B3A8-9686E99D3D9C}.Ad-Hoc|Any CPU.ActiveCfg = Ad-Hoc|iPhone
		{8C81E282-742A-4242-B3A8-9686E99D3D9C}.Ad-Hoc|iPhone.ActiveCfg = Ad-Hoc|iPhone
		{8C81E282-742A-4242-B3A8-9686E99D3D9C}.Ad-Hoc|iPhone.Build.0 = Ad-Hoc|iPhone
		{8C81E282-742A-4242-B3A8-9686E99D3D9C}.Ad-Hoc|iPhoneSimulator.ActiveCfg = Ad-Hoc|iPhoneSimulator
		{8C81E282-742A-4242-B3A8-9686E99D3D9C}.Ad-Hoc|iPhoneSimulator.Build.0 = Ad-Hoc|iPhoneSimulator
		{8C81E282-742A-4242-B3A8-9686E99D3D9C}.AppStore|Any CPU.ActiveCfg = AppStore|iPhone
		{8C81E282-742A-4242-B3A8-9686E99D3D9C}.AppStore|iPhone.ActiveCfg = AppStore|iPhone
		{8C81E282-742A-4242-B3A8-9686E99D3D9C}.AppStore|iPhone.Build.0 = AppStore|iPhone
		{8C81E282-742A-4242-B3A8-9686E99D3D9C}.AppStore|iPhoneSimulator.ActiveCfg = AppStore|iPhoneSimulator
		{8C81E282-742A-4242-B3A8-9686E99D3D9C}.AppStore|iPhoneSimulator.Build.0 = AppStore|iPhoneSimulator
		{8C81E282-742A-4242-B3A8-9686E99D3D9C}.Debug|Any CPU.ActiveCfg = Debug|iPhone
		{8C81E282-742A-4242-B3A8-9686E99D3D9C}.Debug|iPhone.ActiveCfg = Debug|iPhone
		{8C81E282-742A-4242-B3A8-9686E99D3D9C}.Debug|iPhone.Build.0 = Debug|iPhone
		{8C81E282-742A-4242-B3A8-9686E99D3D9C}.Debug|iPhoneSimulator.ActiveCfg = Debug|iPhoneSimulator
		{8C81E282-742A-4242-B3A8-9686E99D3D9C}.Debug|iPhoneSimulator.Build.0 = Debug|iPhoneSimulator
		{8C81E282-742A-4242-B3A8-9686E99D3D9C}.Release|Any CPU.ActiveCfg = Release|iPhone
		{8C81E282-742A-4242-B3A8-9686E99D3D9C}.Release|iPhone.ActiveCfg = Release|iPhone
		{8C81E282-742A-4242-B3A8-9686E99D3D9C}.Release|iPhone.Build.0 = Release|iPhone
		{8C81E282-742A-4242-B3A8-9686E99D3D9C}.Release|iPhoneSimulator.ActiveCfg = Release|iPhoneSimulator
		{8C81E282-742A-4242-B3A8-9686E99D3D9C}.Release|iPhoneSimulator.Build.0 = Release|iPhoneSimulator
	EndGlobalSection
	GlobalSection(SolutionProperties) = preSolution
		HideSolutionNode = FALSE
	EndGlobalSection
	GlobalSection(NestedProjects) = preSolution
		{B502DF4E-E922-4707-8F0A-FE318A99BA57} = {800D6963-43BD-4FCB-85EA-55ED0556BC8F}
		{3F0B459C-E1A5-4BE6-9DFD-C70781F4E4C1} = {800D6963-43BD-4FCB-85EA-55ED0556BC8F}
		{8C81E282-742A-4242-B3A8-9686E99D3D9C} = {800D6963-43BD-4FCB-85EA-55ED0556BC8F}
	EndGlobalSection
	GlobalSection(ExtensibilityGlobals) = postSolution
		SolutionGuid = {A9A596C8-7B35-49FC-B6F2-BA2BD0C4E76B}
	EndGlobalSection
EndGlobal
